
Microsoft Visual Studio Solution File, Format Version 12.00
# Visual Studio Version 16
VisualStudioVersion = 16.0.31702.278
MinimumVisualStudioVersion = 10.0.40219.1
Project("{FAE04EC0-301F-11D3-BF4B-00C04F79EFBC}") = "Buytech.Eticaret.UI.WEB", "Buytech.Eticaret.UI.WEB\Buytech.Eticaret.UI.WEB.csproj", "{1AC68B99-88E0-4647-8CB2-FDA1EF76DC0C}"
EndProject
Project("{FAE04EC0-301F-11D3-BF4B-00C04F79EFBC}") = "Buytech.Eticaret.Core.Model", "Buytech.Eticaret.Core.Model\Buytech.Eticaret.Core.Model.csproj", "{2D162F2A-5032-4EF9-8972-55E3CBC7EA89}"
EndProject
Global
	GlobalSection(SolutionConfigurationPlatforms) = preSolution
		Debug|Any CPU = Debug|Any CPU
		Release|Any CPU = Release|Any CPU
	EndGlobalSection
	GlobalSection(ProjectConfigurationPlatforms) = postSolution
		{1AC68B99-88E0-4647-8CB2-FDA1EF76DC0C}.Debug|Any CPU.ActiveCfg = Debug|Any CPU
		{1AC68B99-88E0-4647-8CB2-FDA1EF76DC0C}.Debug|Any CPU.Build.0 = Debug|Any CPU
		{1AC68B99-88E0-4647-8CB2-FDA1EF76DC0C}.Release|Any CPU.ActiveCfg = Release|Any CPU
		{1AC68B99-88E0-4647-8CB2-FDA1EF76DC0C}.Release|Any CPU.Build.0 = Release|Any CPU
		{2D162F2A-5032-4EF9-8972-55E3CBC7EA89}.Debug|Any CPU.ActiveCfg = Debug|Any CPU
		{2D162F2A-5032-4EF9-8972-55E3CBC7EA89}.Debug|Any CPU.Build.0 = Debug|Any CPU
		{2D162F2A-5032-4EF9-8972-55E3CBC7EA89}.Release|Any CPU.ActiveCfg = Release|Any CPU
		{2D162F2A-5032-4EF9-8972-55E3CBC7EA89}.Release|Any CPU.Build.0 = Release|Any CPU
	EndGlobalSection
	GlobalSection(SolutionProperties) = preSolution
		HideSolutionNode = FALSE
	EndGlobalSection
	GlobalSection(ExtensibilityGlobals) = postSolution
		SolutionGuid = {37FD4045-103C-44CA-A7BC-0E10955A2554}
	EndGlobalSection
EndGlobal
